
Microsoft Visual Studio Solution File, Format Version 12.00
# Visual Studio 15
VisualStudioVersion = 15.0.27703.2042
MinimumVisualStudioVersion = 10.0.40219.1
Project("{8BC9CEB8-8B4A-11D0-8D11-00A0C91BC942}") = "Q5", "Q5\Q5.vcxproj", "{0F8E554E-9536-40F1-A1A7-B2FE14386731}"
EndProject
Project("{8BC9CEB8-8B4A-11D0-8D11-00A0C91BC942}") = "Q7", "Q7\Q7.vcxproj", "{EE8A4092-1E84-41D0-A484-C3528C29213F}"
EndProject
Project("{8BC9CEB8-8B4A-11D0-8D11-00A0C91BC942}") = "Q8", "Q8\Q8.vcxproj", "{D022753B-339C-4B9D-9633-1AD9ED3C5FFC}"
EndProject
Project("{8BC9CEB8-8B4A-11D0-8D11-00A0C91BC942}") = "Q1", "Q1\Q1.vcxproj", "{B74A7E2D-F589-4744-B187-82F20A2DBFAC}"
EndProject
Project("{8BC9CEB8-8B4A-11D0-8D11-00A0C91BC942}") = "Q2", "Q2\Q2.vcxproj", "{FC91183C-E9EA-45FA-8AF0-9A1E7D135862}"
EndProject
Project("{8BC9CEB8-8B4A-11D0-8D11-00A0C91BC942}") = "Q3", "Q3\Q3.vcxproj", "{6519F043-AAD5-4F80-A0F3-5D6005E782B9}"
EndProject
Project("{8BC9CEB8-8B4A-11D0-8D11-00A0C91BC942}") = "Q4", "Q4\Q4.vcxproj", "{CF061CB9-861D-45D5-9CEF-D267ADE780CF}"
EndProject
Project("{8BC9CEB8-8B4A-11D0-8D11-00A0C91BC942}") = "Q6", "Q6\Q6.vcxproj", "{88B4E9DA-E0F5-482A-A2ED-D5009E4B328D}"
EndProject
Global
	GlobalSection(SolutionConfigurationPlatforms) = preSolution
		Debug|x64 = Debug|x64
		Debug|x86 = Debug|x86
		Release|x64 = Release|x64
		Release|x86 = Release|x86
	EndGlobalSection
	GlobalSection(ProjectConfigurationPlatforms) = postSolution
		{0F8E554E-9536-40F1-A1A7-B2FE14386731}.Debug|x64.ActiveCfg = Debug|x64
		{0F8E554E-9536-40F1-A1A7-B2FE14386731}.Debug|x64.Build.0 = Debug|x64
		{0F8E554E-9536-40F1-A1A7-B2FE14386731}.Debug|x86.ActiveCfg = Debug|Win32
		{0F8E554E-9536-40F1-A1A7-B2FE14386731}.Debug|x86.Build.0 = Debug|Win32
		{0F8E554E-9536-40F1-A1A7-B2FE14386731}.Release|x64.ActiveCfg = Release|x64
		{0F8E554E-9536-40F1-A1A7-B2FE14386731}.Release|x64.Build.0 = Release|x64
		{0F8E554E-9536-40F1-A1A7-B2FE14386731}.Release|x86.ActiveCfg = Release|Win32
		{0F8E554E-9536-40F1-A1A7-B2FE14386731}.Release|x86.Build.0 = Release|Win32
		{EE8A4092-1E84-41D0-A484-C3528C29213F}.Debug|x64.ActiveCfg = Debug|x64
		{EE8A4092-1E84-41D0-A484-C3528C29213F}.Debug|x64.Build.0 = Debug|x64
		{EE8A4092-1E84-41D0-A484-C3528C29213F}.Debug|x86.ActiveCfg = Debug|Win32
		{EE8A4092-1E84-41D0-A484-C3528C29213F}.Debug|x86.Build.0 = Debug|Win32
		{EE8A4092-1E84-41D0-A484-C3528C29213F}.Release|x64.ActiveCfg = Release|x64
		{EE8A4092-1E84-41D0-A484-C3528C29213F}.Release|x64.Build.0 = Release|x64
		{EE8A4092-1E84-41D0-A484-C3528C29213F}.Release|x86.ActiveCfg = Release|Win32
		{EE8A4092-1E84-41D0-A484-C3528C29213F}.Release|x86.Build.0 = Release|Win32
		{D022753B-339C-4B9D-9633-1AD9ED3C5FFC}.Debug|x64.ActiveCfg = Debug|x64
		{D022753B-339C-4B9D-9633-1AD9ED3C5FFC}.Debug|x64.Build.0 = Debug|x64
		{D022753B-339C-4B9D-9633-1AD9ED3C5FFC}.Debug|x86.ActiveCfg = Debug|Win32
		{D022753B-339C-4B9D-9633-1AD9ED3C5FFC}.Debug|x86.Build.0 = Debug|Win32
		{D022753B-339C-4B9D-9633-1AD9ED3C5FFC}.Release|x64.ActiveCfg = Release|x64
		{D022753B-339C-4B9D-9633-1AD9ED3C5FFC}.Release|x64.Build.0 = Release|x64
		{D022753B-339C-4B9D-9633-1AD9ED3C5FFC}.Release|x86.ActiveCfg = Release|Win32
		{D022753B-339C-4B9D-9633-1AD9ED3C5FFC}.Release|x86.Build.0 = Release|Win32
		{B74A7E2D-F589-4744-B187-82F20A2DBFAC}.Debug|x64.ActiveCfg = Debug|x64
		{B74A7E2D-F589-4744-B187-82F20A2DBFAC}.Debug|x64.Build.0 = Debug|x64
		{B74A7E2D-F589-4744-B187-82F20A2DBFAC}.Debug|x86.ActiveCfg = Debug|Win32
		{B74A7E2D-F589-4744-B187-82F20A2DBFAC}.Debug|x86.Build.0 = Debug|Win32
		{B74A7E2D-F589-4744-B187-82F20A2DBFAC}.Release|x64.ActiveCfg = Release|x64
		{B74A7E2D-F589-4744-B187-82F20A2DBFAC}.Release|x64.Build.0 = Release|x64
		{B74A7E2D-F589-4744-B187-82F20A2DBFAC}.Release|x86.ActiveCfg = Release|Win32
		{B74A7E2D-F589-4744-B187-82F20A2DBFAC}.Release|x86.Build.0 = Release|Win32
		{FC91183C-E9EA-45FA-8AF0-9A1E7D135862}.Debug|x64.ActiveCfg = Debug|x64
		{FC91183C-E9EA-45FA-8AF0-9A1E7D135862}.Debug|x64.Build.0 = Debug|x64
		{FC91183C-E9EA-45FA-8AF0-9A1E7D135862}.Debug|x86.ActiveCfg = Debug|Win32
		{FC91183C-E9EA-45FA-8AF0-9A1E7D135862}.Debug|x86.Build.0 = Debug|Win32
		{FC91183C-E9EA-45FA-8AF0-9A1E7D135862}.Release|x64.ActiveCfg = Release|x64
		{FC91183C-E9EA-45FA-8AF0-9A1E7D135862}.Release|x64.Build.0 = Release|x64
		{FC91183C-E9EA-45FA-8AF0-9A1E7D135862}.Release|x86.ActiveCfg = Release|Win32
		{FC91183C-E9EA-45FA-8AF0-9A1E7D135862}.Release|x86.Build.0 = Release|Win32
		{6519F043-AAD5-4F80-A0F3-5D6005E782B9}.Debug|x64.ActiveCfg = Debug|x64
		{6519F043-AAD5-4F80-A0F3-5D6005E782B9}.Debug|x64.Build.0 = Debug|x64
		{6519F043-AAD5-4F80-A0F3-5D6005E782B9}.Debug|x86.ActiveCfg = Debug|Win32
		{6519F043-AAD5-4F80-A0F3-5D6005E782B9}.Debug|x86.Build.0 = Debug|Win32
		{6519F043-AAD5-4F80-A0F3-5D6005E782B9}.Release|x64.ActiveCfg = Release|x64
		{6519F043-AAD5-4F80-A0F3-5D6005E782B9}.Release|x64.Build.0 = Release|x64
		{6519F043-AAD5-4F80-A0F3-5D6005E782B9}.Release|x86.ActiveCfg = Release|Win32
		{6519F043-AAD5-4F80-A0F3-5D6005E782B9}.Release|x86.Build.0 = Release|Win32
		{CF061CB9-861D-45D5-9CEF-D267ADE780CF}.Debug|x64.ActiveCfg = Debug|x64
		{CF061CB9-861D-45D5-9CEF-D267ADE780CF}.Debug|x64.Build.0 = Debug|x64
		{CF061CB9-861D-45D5-9CEF-D267ADE780CF}.Debug|x86.ActiveCfg = Debug|Win32
		{CF061CB9-861D-45D5-9CEF-D267ADE780CF}.Debug|x86.Build.0 = Debug|Win32
		{CF061CB9-861D-45D5-9CEF-D267ADE780CF}.Release|x64.ActiveCfg = Release|x64
		{CF061CB9-861D-45D5-9CEF-D267ADE780CF}.Release|x64.Build.0 = Release|x64
		{CF061CB9-861D-45D5-9CEF-D267ADE780CF}.Release|x86.ActiveCfg = Release|Win32
		{CF061CB9-861D-45D5-9CEF-D267ADE780CF}.Release|x86.Build.0 = Release|Win32
		{88B4E9DA-E0F5-482A-A2ED-D5009E4B328D}.Debug|x64.ActiveCfg = Debug|x64
		{88B4E9DA-E0F5-482A-A2ED-D5009E4B328D}.Debug|x64.Build.0 = Debug|x64
		{88B4E9DA-E0F5-482A-A2ED-D5009E4B328D}.Debug|x86.ActiveCfg = Debug|Win32
		{88B4E9DA-E0F5-482A-A2ED-D5009E4B328D}.Debug|x86.Build.0 = Debug|Win32
		{88B4E9DA-E0F5-482A-A2ED-D5009E4B328D}.Release|x64.ActiveCfg = Release|x64
		{88B4E9DA-E0F5-482A-A2ED-D5009E4B328D}.Release|x64.Build.0 = Release|x64
		{88B4E9DA-E0F5-482A-A2ED-D5009E4B328D}.Release|x86.ActiveCfg = Release|Win32
		{88B4E9DA-E0F5-482A-A2ED-D5009E4B328D}.Release|x86.Build.0 = Release|Win32
	EndGlobalSection
	GlobalSection(SolutionProperties) = preSolution
		HideSolutionNode = FALSE
	EndGlobalSection
	GlobalSection(ExtensibilityGlobals) = postSolution
		SolutionGuid = {F9BD6DD8-53FB-4832-83C2-DC92F82A2457}
	EndGlobalSection
EndGlobal
